# THIS IS AN AUTOGENERATED FILE. DO NOT EDIT THIS FILE DIRECTLY.
# yarn lockfile v1


csv-parse@^1.2.0:
  version "1.2.0"
  resolved "https://registry.yarnpkg.com/csv-parse/-/csv-parse-1.2.0.tgz#047b73868ab9a85746e885f637f9ed0fb645a425"

datatables.net@^1.10.13:
  version "1.10.13"
  resolved "https://registry.yarnpkg.com/datatables.net/-/datatables.net-1.10.13.tgz#6ac584ba6fc2dff1195e5c66d3e3b051a4b52b96"
  dependencies:
    jquery ">=1.7"

helper-html-table@^0.1.1:
  version "0.1.1"
  resolved "https://registry.yarnpkg.com/helper-html-table/-/helper-html-table-0.1.1.tgz#72992b3330ba0779b81ee41aa692db89d68c0ad6"

jquery@>=1.7, jquery@^3.1.1:
  version "3.1.1"
  resolved "https://registry.yarnpkg.com/jquery/-/jquery-3.1.1.tgz#347c1c21c7e004115e0a4da32cece041fad3c8a3"

style-tag@^0.1.1:
  version "0.1.1"
  resolved "https://registry.yarnpkg.com/style-tag/-/style-tag-0.1.1.tgz#9a4d416b7768dd8bbb7af536132a8222181f8363"
